// !$*UTF8*$!
{
	archiveVersion = 1;
	classes = {
	};
	objectVersion = 56;
	objects = {

/* Begin PBXBuildFile section */
		EB086E8628EE78EE0060D8CD /* AppDelegate.swift in Sources */ = {isa = PBXBuildFile; fileRef = EB086E8528EE78EE0060D8CD /* AppDelegate.swift */; };
		EB086E8828EE78EE0060D8CD /* SceneDelegate.swift in Sources */ = {isa = PBXBuildFile; fileRef = EB086E8728EE78EE0060D8CD /* SceneDelegate.swift */; };
		EB086E8D28EE78EE0060D8CD /* Main.storyboard in Resources */ = {isa = PBXBuildFile; fileRef = EB086E8B28EE78EE0060D8CD /* Main.storyboard */; };
		EB086E8F28EE78F00060D8CD /* Assets.xcassets in Resources */ = {isa = PBXBuildFile; fileRef = EB086E8E28EE78F00060D8CD /* Assets.xcassets */; };
		EB086EA028EE84A70060D8CD /* Park.swift in Sources */ = {isa = PBXBuildFile; fileRef = EB086E9F28EE84A70060D8CD /* Park.swift */; };
		EB086EA228EE85BE0060D8CD /* ParkDetailViewController.swift in Sources */ = {isa = PBXBuildFile; fileRef = EB086EA128EE85BE0060D8CD /* ParkDetailViewController.swift */; };
		EB086EA628EF4C840060D8CD /* NetworkController.swift in Sources */ = {isa = PBXBuildFile; fileRef = EB086EA528EF4C830060D8CD /* NetworkController.swift */; };
		EB086EA828EF5BDF0060D8CD /* ParkListTableViewController.swift in Sources */ = {isa = PBXBuildFile; fileRef = EB086EA728EF5BDF0060D8CD /* ParkListTableViewController.swift */; };
		EB7E943928F74D4B0050624B /* ResultError.swift in Sources */ = {isa = PBXBuildFile; fileRef = EB7E943828F74D4B0050624B /* ResultError.swift */; };
/* End PBXBuildFile section */

/* Begin PBXFileReference section */
		EB086E8228EE78EE0060D8CD /* NationalParkServiceAPI.app */ = {isa = PBXFileReference; explicitFileType = wrapper.application; includeInIndex = 0; path = NationalParkServiceAPI.app; sourceTree = BUILT_PRODUCTS_DIR; };
		EB086E8528EE78EE0060D8CD /* AppDelegate.swift */ = {isa = PBXFileReference; lastKnownFileType = sourcecode.swift; path = AppDelegate.swift; sourceTree = "<group>"; };
		EB086E8728EE78EE0060D8CD /* SceneDelegate.swift */ = {isa = PBXFileReference; lastKnownFileType = sourcecode.swift; path = SceneDelegate.swift; sourceTree = "<group>"; };
		EB086E8C28EE78EE0060D8CD /* Base */ = {isa = PBXFileReference; lastKnownFileType = file.storyboard; name = Base; path = Base.lproj/Main.storyboard; sourceTree = "<group>"; };
		EB086E8E28EE78F00060D8CD /* Assets.xcassets */ = {isa = PBXFileReference; lastKnownFileType = folder.assetcatalog; path = Assets.xcassets; sourceTree = "<group>"; };
		EB086E9328EE78F00060D8CD /* Info.plist */ = {isa = PBXFileReference; lastKnownFileType = text.plist.xml; path = Info.plist; sourceTree = "<group>"; };
		EB086E9F28EE84A70060D8CD /* Park.swift */ = {isa = PBXFileReference; lastKnownFileType = sourcecode.swift; path = Park.swift; sourceTree = "<group>"; };
		EB086EA128EE85BE0060D8CD /* ParkDetailViewController.swift */ = {isa = PBXFileReference; lastKnownFileType = sourcecode.swift; path = ParkDetailViewController.swift; sourceTree = "<group>"; };
		EB086EA528EF4C830060D8CD /* NetworkController.swift */ = {isa = PBXFileReference; lastKnownFileType = sourcecode.swift; path = NetworkController.swift; sourceTree = "<group>"; };
		EB086EA728EF5BDF0060D8CD /* ParkListTableViewController.swift */ = {isa = PBXFileReference; lastKnownFileType = sourcecode.swift; path = ParkListTableViewController.swift; sourceTree = "<group>"; };
		EB7E943828F74D4B0050624B /* ResultError.swift */ = {isa = PBXFileReference; lastKnownFileType = sourcecode.swift; path = ResultError.swift; sourceTree = "<group>"; };
/* End PBXFileReference section */

/* Begin PBXFrameworksBuildPhase section */
		EB086E7F28EE78EE0060D8CD /* Frameworks */ = {
			isa = PBXFrameworksBuildPhase;
			buildActionMask = 2147483647;
			files = (
			);
			runOnlyForDeploymentPostprocessing = 0;
		};
/* End PBXFrameworksBuildPhase section */

/* Begin PBXGroup section */
		EB086E7928EE78EE0060D8CD = {
			isa = PBXGroup;
			children = (
				EB086E8428EE78EE0060D8CD /* NationalParkServiceAPI */,
				EB086E8328EE78EE0060D8CD /* Products */,
			);
			sourceTree = "<group>";
		};
		EB086E8328EE78EE0060D8CD /* Products */ = {
			isa = PBXGroup;
			children = (
				EB086E8228EE78EE0060D8CD /* NationalParkServiceAPI.app */,
			);
			name = Products;
			sourceTree = "<group>";
		};
		EB086E8428EE78EE0060D8CD /* NationalParkServiceAPI */ = {
			isa = PBXGroup;
			children = (
				EB086E9B28EE79420060D8CD /* Models */,
				EB086E9C28EE79490060D8CD /* Controllers */,
				EB086E9A28EE792D0060D8CD /* Resources */,
				EB086E9928EE790F0060D8CD /* StoryBoards */,
			);
			path = NationalParkServiceAPI;
			sourceTree = "<group>";
		};
		EB086E9928EE790F0060D8CD /* StoryBoards */ = {
			isa = PBXGroup;
			children = (
				EB086E8B28EE78EE0060D8CD /* Main.storyboard */,
			);
			path = StoryBoards;
			sourceTree = "<group>";
		};
		EB086E9A28EE792D0060D8CD /* Resources */ = {
			isa = PBXGroup;
			children = (
				EB086E8528EE78EE0060D8CD /* AppDelegate.swift */,
				EB086E8728EE78EE0060D8CD /* SceneDelegate.swift */,
				EB086E8E28EE78F00060D8CD /* Assets.xcassets */,
				EB086E9328EE78F00060D8CD /* Info.plist */,
			);
			path = Resources;
			sourceTree = "<group>";
		};
		EB086E9B28EE79420060D8CD /* Models */ = {
			isa = PBXGroup;
			children = (
				EB086E9F28EE84A70060D8CD /* Park.swift */,
			);
			path = Models;
			sourceTree = "<group>";
		};
		EB086E9C28EE79490060D8CD /* Controllers */ = {
			isa = PBXGroup;
			children = (
				EB086E9E28EE795A0060D8CD /* Model Controllers */,
				EB086E9D28EE79520060D8CD /* View Controllers */,
				EB7E943828F74D4B0050624B /* ResultError.swift */,
			);
			path = Controllers;
			sourceTree = "<group>";
		};
		EB086E9D28EE79520060D8CD /* View Controllers */ = {
			isa = PBXGroup;
			children = (
				EB086EA128EE85BE0060D8CD /* ParkDetailViewController.swift */,
				EB086EA728EF5BDF0060D8CD /* ParkListTableViewController.swift */,
			);
			path = "View Controllers";
			sourceTree = "<group>";
		};
		EB086E9E28EE795A0060D8CD /* Model Controllers */ = {
			isa = PBXGroup;
			children = (
				EB086EA528EF4C830060D8CD /* NetworkController.swift */,
			);
			path = "Model Controllers";
			sourceTree = "<group>";
		};
/* End PBXGroup section */

/* Begin PBXNativeTarget section */
		EB086E8128EE78EE0060D8CD /* NationalParkServiceAPI */ = {
			isa = PBXNativeTarget;
			buildConfigurationList = EB086E9628EE78F00060D8CD /* Build configuration list for PBXNativeTarget "NationalParkServiceAPI" */;
			buildPhases = (
				EB086E7E28EE78EE0060D8CD /* Sources */,
				EB086E7F28EE78EE0060D8CD /* Frameworks */,
				EB086E8028EE78EE0060D8CD /* Resources */,
			);
			buildRules = (
			);
			dependencies = (
			);
			name = NationalParkServiceAPI;
			productName = NationalParkServiceAPI;
			productReference = EB086E8228EE78EE0060D8CD /* NationalParkServiceAPI.app */;
			productType = "com.apple.product-type.application";
		};
/* End PBXNativeTarget section */

/* Begin PBXProject section */
		EB086E7A28EE78EE0060D8CD /* Project object */ = {
			isa = PBXProject;
			attributes = {
				BuildIndependentTargetsInParallel = 1;
				LastSwiftUpdateCheck = 1400;
				LastUpgradeCheck = 1400;
				TargetAttributes = {
					EB086E8128EE78EE0060D8CD = {
						CreatedOnToolsVersion = 14.0.1;
					};
				};
			};
			buildConfigurationList = EB086E7D28EE78EE0060D8CD /* Build configuration list for PBXProject "NationalParkServiceAPI" */;
			compatibilityVersion = "Xcode 14.0";
			developmentRegion = en;
			hasScannedForEncodings = 0;
			knownRegions = (
				en,
				Base,
			);
			mainGroup = EB086E7928EE78EE0060D8CD;
			productRefGroup = EB086E8328EE78EE0060D8CD /* Products */;
			projectDirPath = "";
			projectRoot = "";
			targets = (
				EB086E8128EE78EE0060D8CD /* NationalParkServiceAPI */,
			);
		};
/* End PBXProject section */

/* Begin PBXResourcesBuildPhase section */
		EB086E8028EE78EE0060D8CD /* Resources */ = {
			isa = PBXResourcesBuildPhase;
			buildActionMask = 2147483647;
			files = (
				EB086E8F28EE78F00060D8CD /* Assets.xcassets in Resources */,
				EB086E8D28EE78EE0060D8CD /* Main.storyboard in Resources */,
			);
			runOnlyForDeploymentPostprocessing = 0;
		};
/* End PBXResourcesBuildPhase section */

/* Begin PBXSourcesBuildPhase section */
		EB086E7E28EE78EE0060D8CD /* Sources */ = {
			isa = PBXSourcesBuildPhase;
			buildActionMask = 2147483647;
			files = (
				EB086E8628EE78EE0060D8CD /* AppDelegate.swift in Sources */,
				EB7E943928F74D4B0050624B /* ResultError.swift in Sources */,
				EB086EA628EF4C840060D8CD /* NetworkController.swift in Sources */,
				EB086EA228EE85BE0060D8CD /* ParkDetailViewController.swift in Sources */,
				EB086EA028EE84A70060D8CD /* Park.swift in Sources */,
				EB086E8828EE78EE0060D8CD /* SceneDelegate.swift in Sources */,
				EB086EA828EF5BDF0060D8CD /* ParkListTableViewController.swift in Sources */,
			);
			runOnlyForDeploymentPostprocessing = 0;
		};
/* End PBXSourcesBuildPhase section */

/* Begin PBXVariantGroup section */
		EB086E8B28EE78EE0060D8CD /* Main.storyboard */ = {
			isa = PBXVariantGroup;
			children = (
				EB086E8C28EE78EE0060D8CD /* Base */,
			);
			name = Main.storyboard;
			sourceTree = "<group>";
		};
/* End PBXVariantGroup section */

/* Begin XCBuildConfiguration section */
		EB086E9428EE78F00060D8CD /* Debug */ = {
			isa = XCBuildConfiguration;
			buildSettings = {
				ALWAYS_SEARCH_USER_PATHS = NO;
				CLANG_ANALYZER_NONNULL = YES;
				CLANG_ANALYZER_NUMBER_OBJECT_CONVERSION = YES_AGGRESSIVE;
				CLANG_CXX_LANGUAGE_STANDARD = "gnu++20";
				CLANG_ENABLE_MODULES = YES;
				CLANG_ENABLE_OBJC_ARC = YES;
				CLANG_ENABLE_OBJC_WEAK = YES;
				CLANG_WARN_BLOCK_CAPTURE_AUTORELEASING = YES;
				CLANG_WARN_BOOL_CONVERSION = YES;
				CLANG_WARN_COMMA = YES;
				CLANG_WARN_CONSTANT_CONVERSION = YES;
				CLANG_WARN_DEPRECATED_OBJC_IMPLEMENTATIONS = YES;
				CLANG_WARN_DIRECT_OBJC_ISA_USAGE = YES_ERROR;
				CLANG_WARN_DOCUMENTATION_COMMENTS = YES;
				CLANG_WARN_EMPTY_BODY = YES;
				CLANG_WARN_ENUM_CONVERSION = YES;
				CLANG_WARN_INFINITE_RECURSION = YES;
				CLANG_WARN_INT_CONVERSION = YES;
				CLANG_WARN_NON_LITERAL_NULL_CONVERSION = YES;
				CLANG_WARN_OBJC_IMPLICIT_RETAIN_SELF = YES;
				CLANG_WARN_OBJC_LITERAL_CONVERSION = YES;
				CLANG_WARN_OBJC_ROOT_CLASS = YES_ERROR;
				CLANG_WARN_QUOTED_INCLUDE_IN_FRAMEWORK_HEADER = YES;
				CLANG_WARN_RANGE_LOOP_ANALYSIS = YES;
				CLANG_WARN_STRICT_PROTOTYPES = YES;
				CLANG_WARN_SUSPICIOUS_MOVE = YES;
				CLANG_WARN_UNGUARDED_AVAILABILITY = YES_AGGRESSIVE;
				CLANG_WARN_UNREACHABLE_CODE = YES;
				CLANG_WARN__DUPLICATE_METHOD_MATCH = YES;
				COPY_PHASE_STRIP = NO;
				DEBUG_INFORMATION_FORMAT = dwarf;
				ENABLE_STRICT_OBJC_MSGSEND = YES;
				ENABLE_TESTABILITY = YES;
				GCC_C_LANGUAGE_STANDARD = gnu11;
				GCC_DYNAMIC_NO_PIC = NO;
				GCC_NO_COMMON_BLOCKS = YES;
				GCC_OPTIMIZATION_LEVEL = 0;
				GCC_PREPROCESSOR_DEFINITIONS = (
					"DEBUG=1",
					"$(inherited)",
				);
				GCC_WARN_64_TO_32_BIT_CONVERSION = YES;
				GCC_WARN_ABOUT_RETURN_TYPE = YES_ERROR;
				GCC_WARN_UNDECLARED_SELECTOR = YES;
				GCC_WARN_UNINITIALIZED_AUTOS = YES_AGGRESSIVE;
				GCC_WARN_UNUSED_FUNCTION = YES;
				GCC_WARN_UNUSED_VARIABLE = YES;
				IPHONEOS_DEPLOYMENT_TARGET = 16.0;
				MTL_ENABLE_DEBUG_INFO = INCLUDE_SOURCE;
				MTL_FAST_MATH = YES;
				ONLY_ACTIVE_ARCH = YES;
				SDKROOT = iphoneos;
				SWIFT_ACTIVE_COMPILATION_CONDITIONS = DEBUG;
				SWIFT_OPTIMIZATION_LEVEL = "-Onone";
			};
			name = Debug;
		};
		EB086E9528EE78F00060D8CD /* Release */ = {
			isa = XCBuildConfiguration;
			buildSettings = {
				ALWAYS_SEARCH_USER_PATHS = NO;
				CLANG_ANALYZER_NONNULL = YES;
				CLANG_ANALYZER_NUMBER_OBJECT_CONVERSION = YES_AGGRESSIVE;
				CLANG_CXX_LANGUAGE_STANDARD = "gnu++20";
				CLANG_ENABLE_MODULES = YES;
				CLANG_ENABLE_OBJC_ARC = YES;
				CLANG_ENABLE_OBJC_WEAK = YES;
				CLANG_WARN_BLOCK_CAPTURE_AUTORELEASING = YES;
				CLANG_WARN_BOOL_CONVERSION = YES;
				CLANG_WARN_COMMA = YES;
				CLANG_WARN_CONSTANT_CONVERSION = YES;
				CLANG_WARN_DEPRECATED_OBJC_IMPLEMENTATIONS = YES;
				CLANG_WARN_DIRECT_OBJC_ISA_USAGE = YES_ERROR;
				CLANG_WARN_DOCUMENTATION_COMMENTS = YES;
				CLANG_WARN_EMPTY_BODY = YES;
				CLANG_WARN_ENUM_CONVERSION = YES;
				CLANG_WARN_INFINITE_RECURSION = YES;
				CLANG_WARN_INT_CONVERSION = YES;
				CLANG_WARN_NON_LITERAL_NULL_CONVERSION = YES;
				CLANG_WARN_OBJC_IMPLICIT_RETAIN_SELF = YES;
				CLANG_WARN_OBJC_LITERAL_CONVERSION = YES;
				CLANG_WARN_OBJC_ROOT_CLASS = YES_ERROR;
				CLANG_WARN_QUOTED_INCLUDE_IN_FRAMEWORK_HEADER = YES;
				CLANG_WARN_RANGE_LOOP_ANALYSIS = YES;
				CLANG_WARN_STRICT_PROTOTYPES = YES;
				CLANG_WARN_SUSPICIOUS_MOVE = YES;
				CLANG_WARN_UNGUARDED_AVAILABILITY = YES_AGGRESSIVE;
				CLANG_WARN_UNREACHABLE_CODE = YES;
				CLANG_WARN__DUPLICATE_METHOD_MATCH = YES;
				COPY_PHASE_STRIP = NO;
				DEBUG_INFORMATION_FORMAT = "dwarf-with-dsym";
				ENABLE_NS_ASSERTIONS = NO;
				ENABLE_STRICT_OBJC_MSGSEND = YES;
				GCC_C_LANGUAGE_STANDARD = gnu11;
				GCC_NO_COMMON_BLOCKS = YES;
				GCC_WARN_64_TO_32_BIT_CONVERSION = YES;
				GCC_WARN_ABOUT_RETURN_TYPE = YES_ERROR;
				GCC_WARN_UNDECLARED_SELECTOR = YES;
				GCC_WARN_UNINITIALIZED_AUTOS = YES_AGGRESSIVE;
				GCC_WARN_UNUSED_FUNCTION = YES;
				GCC_WARN_UNUSED_VARIABLE = YES;
				IPHONEOS_DEPLOYMENT_TARGET = 16.0;
				MTL_ENABLE_DEBUG_INFO = NO;
				MTL_FAST_MATH = YES;
				SDKROOT = iphoneos;
				SWIFT_COMPILATION_MODE = wholemodule;
				SWIFT_OPTIMIZATION_LEVEL = "-O";
				VALIDATE_PRODUCT = YES;
			};
			name = Release;
		};
		EB086E9728EE78F00060D8CD /* Debug */ = {
			isa = XCBuildConfiguration;
			buildSettings = {
				ASSETCATALOG_COMPILER_APPICON_NAME = AppIcon;
				ASSETCATALOG_COMPILER_GLOBAL_ACCENT_COLOR_NAME = AccentColor;
				CODE_SIGN_STYLE = Automatic;
				CURRENT_PROJECT_VERSION = 1;
				GENERATE_INFOPLIST_FILE = YES;
				INFOPLIST_FILE = NationalParkServiceAPI/Resources/Info.plist;
				INFOPLIST_KEY_UIApplicationSupportsIndirectInputEvents = YES;
				INFOPLIST_KEY_UILaunchStoryboardName = LaunchScreen;
				INFOPLIST_KEY_UIMainStoryboardFile = Main;
				INFOPLIST_KEY_UISupportedInterfaceOrientations_iPad = "UIInterfaceOrientationPortrait UIInterfaceOrientationPortraitUpsideDown UIInterfaceOrientationLandscapeLeft UIInterfaceOrientationLandscapeRight";
				INFOPLIST_KEY_UISupportedInterfaceOrientations_iPhone = "UIInterfaceOrientationPortrait UIInterfaceOrientationLandscapeLeft UIInterfaceOrientationLandscapeRight";
				LD_RUNPATH_SEARCH_PATHS = (
					"$(inherited)",
					"@executable_path/Frameworks",
				);
				MARKETING_VERSION = 1.0;
				PRODUCT_BUNDLE_IDENTIFIER = com.hallsArchitecture.NationalParkServiceAPI;
				PRODUCT_NAME = "$(TARGET_NAME)";
				SWIFT_EMIT_LOC_STRINGS = YES;
				SWIFT_VERSION = 5.0;
				TARGETED_DEVICE_FAMILY = "1,2";
			};
			name = Debug;
		};
		EB086E9828EE78F00060D8CD /* Release */ = {
			isa = XCBuildConfiguration;
			buildSettings = {
				ASSETCATALOG_COMPILER_APPICON_NAME = AppIcon;
				ASSETCATALOG_COMPILER_GLOBAL_ACCENT_COLOR_NAME = AccentColor;
				CODE_SIGN_STYLE = Automatic;
				CURRENT_PROJECT_VERSION = 1;
				GENERATE_INFOPLIST_FILE = YES;
				INFOPLIST_FILE = NationalParkServiceAPI/Resources/Info.plist;
				INFOPLIST_KEY_UIApplicationSupportsIndirectInputEvents = YES;
				INFOPLIST_KEY_UILaunchStoryboardName = LaunchScreen;
				INFOPLIST_KEY_UIMainStoryboardFile = Main;
				INFOPLIST_KEY_UISupportedInterfaceOrientations_iPad = "UIInterfaceOrientationPortrait UIInterfaceOrientationPortraitUpsideDown UIInterfaceOrientationLandscapeLeft UIInterfaceOrientationLandscapeRight";
				INFOPLIST_KEY_UISupportedInterfaceOrientations_iPhone = "UIInterfaceOrientationPortrait UIInterfaceOrientationLandscapeLeft UIInterfaceOrientationLandscapeRight";
				LD_RUNPATH_SEARCH_PATHS = (
					"$(inherited)",
					"@executable_path/Frameworks",
				);
				MARKETING_VERSION = 1.0;
				PRODUCT_BUNDLE_IDENTIFIER = com.hallsArchitecture.NationalParkServiceAPI;
				PRODUCT_NAME = "$(TARGET_NAME)";
				SWIFT_EMIT_LOC_STRINGS = YES;
				SWIFT_VERSION = 5.0;
				TARGETED_DEVICE_FAMILY = "1,2";
			};
			name = Release;
		};
/* End XCBuildConfiguration section */

/* Begin XCConfigurationList section */
		EB086E7D28EE78EE0060D8CD /* Build configuration list for PBXProject "NationalParkServiceAPI" */ = {
			isa = XCConfigurationList;
			buildConfigurations = (
				EB086E9428EE78F00060D8CD /* Debug */,
				EB086E9528EE78F00060D8CD /* Release */,
			);
			defaultConfigurationIsVisible = 0;
			defaultConfigurationName = Release;
		};
		EB086E9628EE78F00060D8CD /* Build configuration list for PBXNativeTarget "NationalParkServiceAPI" */ = {
			isa = XCConfigurationList;
			buildConfigurations = (
				EB086E9728EE78F00060D8CD /* Debug */,
				EB086E9828EE78F00060D8CD /* Release */,
			);
			defaultConfigurationIsVisible = 0;
			defaultConfigurationName = Release;
		};
/* End XCConfigurationList section */
	};
	rootObject = EB086E7A28EE78EE0060D8CD /* Project object */;
}
